
Microsoft Visual Studio Solution File, Format Version 12.00
# Visual Studio Version 16
VisualStudioVersion = 16.0.31025.194
MinimumVisualStudioVersion = 10.0.40219.1
Project("{FAE04EC0-301F-11D3-BF4B-00C04F79EFBC}") = "MultiLoginUI", "MultiLoginUI\MultiLoginUI.csproj", "{D61C1BC1-B2C1-423F-94EC-C52CE091AB1A}"
EndProject
Global
	GlobalSection(SolutionConfigurationPlatforms) = preSolution
		Debug|Any CPU = Debug|Any CPU
		Release|Any CPU = Release|Any CPU
	EndGlobalSection
	GlobalSection(ProjectConfigurationPlatforms) = postSolution
		{D61C1BC1-B2C1-423F-94EC-C52CE091AB1A}.Debug|Any CPU.ActiveCfg = Debug|Any CPU
		{D61C1BC1-B2C1-423F-94EC-C52CE091AB1A}.Debug|Any CPU.Build.0 = Debug|Any CPU
		{D61C1BC1-B2C1-423F-94EC-C52CE091AB1A}.Release|Any CPU.ActiveCfg = Release|Any CPU
		{D61C1BC1-B2C1-423F-94EC-C52CE091AB1A}.Release|Any CPU.Build.0 = Release|Any CPU
	EndGlobalSection
	GlobalSection(SolutionProperties) = preSolution
		HideSolutionNode = FALSE
	EndGlobalSection
	GlobalSection(ExtensibilityGlobals) = postSolution
		SolutionGuid = {C182DD3D-3D23-49E9-91BE-23222867EF6B}
	EndGlobalSection
EndGlobal
